
Microsoft Visual Studio Solution File, Format Version 12.00
# Visual Studio 2012
Project("{FAE04EC0-301F-11D3-BF4B-00C04F79EFBC}") = "Market", "Market\Market.csproj", "{26230462-55A4-450E-8642-BE370715C3AF}"
EndProject
Global
	GlobalSection(SolutionConfigurationPlatforms) = preSolution
		Debug|Any CPU = Debug|Any CPU
		Release|Any CPU = Release|Any CPU
	EndGlobalSection
	GlobalSection(ProjectConfigurationPlatforms) = postSolution
		{26230462-55A4-450E-8642-BE370715C3AF}.Debug|Any CPU.ActiveCfg = Debug|Any CPU
		{26230462-55A4-450E-8642-BE370715C3AF}.Debug|Any CPU.Build.0 = Debug|Any CPU
		{26230462-55A4-450E-8642-BE370715C3AF}.Release|Any CPU.ActiveCfg = Release|Any CPU
		{26230462-55A4-450E-8642-BE370715C3AF}.Release|Any CPU.Build.0 = Release|Any CPU
	EndGlobalSection
	GlobalSection(SolutionProperties) = preSolution
		HideSolutionNode = FALSE
	EndGlobalSection
EndGlobal
